
Microsoft Visual Studio Solution File, Format Version 12.00
# Visual Studio Version 17
VisualStudioVersion = 17.5.002.0
MinimumVisualStudioVersion = 10.0.40219.1
Project("{9A19103F-16F7-4668-BE54-9A1E7A4F7556}") = "gameboy_dotnet", "gameboy_dotnet.csproj", "{384C28E8-39B6-4F7E-B302-057B05C053C5}"
EndProject
Global
	GlobalSection(SolutionConfigurationPlatforms) = preSolution
		Debug|Any CPU = Debug|Any CPU
		Release|Any CPU = Release|Any CPU
	EndGlobalSection
	GlobalSection(ProjectConfigurationPlatforms) = postSolution
		{384C28E8-39B6-4F7E-B302-057B05C053C5}.Debug|Any CPU.ActiveCfg = Debug|Any CPU
		{384C28E8-39B6-4F7E-B302-057B05C053C5}.Debug|Any CPU.Build.0 = Debug|Any CPU
		{384C28E8-39B6-4F7E-B302-057B05C053C5}.Release|Any CPU.ActiveCfg = Release|Any CPU
		{384C28E8-39B6-4F7E-B302-057B05C053C5}.Release|Any CPU.Build.0 = Release|Any CPU
	EndGlobalSection
	GlobalSection(SolutionProperties) = preSolution
		HideSolutionNode = FALSE
	EndGlobalSection
	GlobalSection(ExtensibilityGlobals) = postSolution
		SolutionGuid = {72198872-DA1F-42C5-AD02-467E95946658}
	EndGlobalSection
EndGlobal
